// !$*UTF8*$!
{
	archiveVersion = 1;
	classes = {
	};
	objectVersion = 55;
	objects = {

/* Begin PBXBuildFile section */
		1E14809A282128D100F40D62 /* DetailsViewController.swift in Sources */ = {isa = PBXBuildFile; fileRef = 1E148099282128D100F40D62 /* DetailsViewController.swift */; };
		1E14809C2821291500F40D62 /* GoTTableViewController.swift in Sources */ = {isa = PBXBuildFile; fileRef = 1E14809B2821291500F40D62 /* GoTTableViewController.swift */; };
		1E14809E2822747000F40D62 /* CharacterListViewController.swift in Sources */ = {isa = PBXBuildFile; fileRef = 1E14809D2822747000F40D62 /* CharacterListViewController.swift */; };
		1EF7D3B328203B8500288D9F /* AppDelegate.swift in Sources */ = {isa = PBXBuildFile; fileRef = 1EF7D3B228203B8500288D9F /* AppDelegate.swift */; };
		1EF7D3B528203B8500288D9F /* SceneDelegate.swift in Sources */ = {isa = PBXBuildFile; fileRef = 1EF7D3B428203B8500288D9F /* SceneDelegate.swift */; };
		1EF7D3B728203B8500288D9F /* ViewController.swift in Sources */ = {isa = PBXBuildFile; fileRef = 1EF7D3B628203B8500288D9F /* ViewController.swift */; };
		1EF7D3BA28203B8500288D9F /* Main.storyboard in Resources */ = {isa = PBXBuildFile; fileRef = 1EF7D3B828203B8500288D9F /* Main.storyboard */; };
		1EF7D3BC28203B8600288D9F /* Assets.xcassets in Resources */ = {isa = PBXBuildFile; fileRef = 1EF7D3BB28203B8600288D9F /* Assets.xcassets */; };
		1EF7D3BF28203B8600288D9F /* LaunchScreen.storyboard in Resources */ = {isa = PBXBuildFile; fileRef = 1EF7D3BD28203B8600288D9F /* LaunchScreen.storyboard */; };
		1EF7D3C728203D2300288D9F /* GoTAPI.swift in Sources */ = {isa = PBXBuildFile; fileRef = 1EF7D3C628203D2300288D9F /* GoTAPI.swift */; };
		1EF7D3C92820400300288D9F /* House.swift in Sources */ = {isa = PBXBuildFile; fileRef = 1EF7D3C82820400300288D9F /* House.swift */; };
/* End PBXBuildFile section */

/* Begin PBXFileReference section */
		1E148099282128D100F40D62 /* DetailsViewController.swift */ = {isa = PBXFileReference; fileEncoding = 4; lastKnownFileType = sourcecode.swift; path = DetailsViewController.swift; sourceTree = "<group>"; };
		1E14809B2821291500F40D62 /* GoTTableViewController.swift */ = {isa = PBXFileReference; lastKnownFileType = sourcecode.swift; path = GoTTableViewController.swift; sourceTree = "<group>"; };
		1E14809D2822747000F40D62 /* CharacterListViewController.swift */ = {isa = PBXFileReference; lastKnownFileType = sourcecode.swift; path = CharacterListViewController.swift; sourceTree = "<group>"; };
		1EF7D3AF28203B8500288D9F /* GoTHousesApp.app */ = {isa = PBXFileReference; explicitFileType = wrapper.application; includeInIndex = 0; path = GoTHousesApp.app; sourceTree = BUILT_PRODUCTS_DIR; };
		1EF7D3B228203B8500288D9F /* AppDelegate.swift */ = {isa = PBXFileReference; lastKnownFileType = sourcecode.swift; path = AppDelegate.swift; sourceTree = "<group>"; };
		1EF7D3B428203B8500288D9F /* SceneDelegate.swift */ = {isa = PBXFileReference; lastKnownFileType = sourcecode.swift; path = SceneDelegate.swift; sourceTree = "<group>"; };
		1EF7D3B628203B8500288D9F /* ViewController.swift */ = {isa = PBXFileReference; lastKnownFileType = sourcecode.swift; path = ViewController.swift; sourceTree = "<group>"; };
		1EF7D3B928203B8500288D9F /* Base */ = {isa = PBXFileReference; lastKnownFileType = file.storyboard; name = Base; path = Base.lproj/Main.storyboard; sourceTree = "<group>"; };
		1EF7D3BB28203B8600288D9F /* Assets.xcassets */ = {isa = PBXFileReference; lastKnownFileType = folder.assetcatalog; path = Assets.xcassets; sourceTree = "<group>"; };
		1EF7D3BE28203B8600288D9F /* Base */ = {isa = PBXFileReference; lastKnownFileType = file.storyboard; name = Base; path = Base.lproj/LaunchScreen.storyboard; sourceTree = "<group>"; };
		1EF7D3C028203B8600288D9F /* Info.plist */ = {isa = PBXFileReference; lastKnownFileType = text.plist.xml; path = Info.plist; sourceTree = "<group>"; };
		1EF7D3C628203D2300288D9F /* GoTAPI.swift */ = {isa = PBXFileReference; lastKnownFileType = sourcecode.swift; path = GoTAPI.swift; sourceTree = "<group>"; };
		1EF7D3C82820400300288D9F /* House.swift */ = {isa = PBXFileReference; lastKnownFileType = sourcecode.swift; path = House.swift; sourceTree = "<group>"; };
/* End PBXFileReference section */

/* Begin PBXFrameworksBuildPhase section */
		1EF7D3AC28203B8500288D9F /* Frameworks */ = {
			isa = PBXFrameworksBuildPhase;
			buildActionMask = 2147483647;
			files = (
			);
			runOnlyForDeploymentPostprocessing = 0;
		};
/* End PBXFrameworksBuildPhase section */

/* Begin PBXGroup section */
		1EF7D3A628203B8500288D9F = {
			isa = PBXGroup;
			children = (
				1E14809D2822747000F40D62 /* CharacterListViewController.swift */,
				1E14809B2821291500F40D62 /* GoTTableViewController.swift */,
				1EF7D3B128203B8500288D9F /* GoTHousesApp */,
				1EF7D3B028203B8500288D9F /* Products */,
			);
			sourceTree = "<group>";
		};
		1EF7D3B028203B8500288D9F /* Products */ = {
			isa = PBXGroup;
			children = (
				1EF7D3AF28203B8500288D9F /* GoTHousesApp.app */,
			);
			name = Products;
			sourceTree = "<group>";
		};
		1EF7D3B128203B8500288D9F /* GoTHousesApp */ = {
			isa = PBXGroup;
			children = (
				1E148099282128D100F40D62 /* DetailsViewController.swift */,
				1EF7D3C82820400300288D9F /* House.swift */,
				1EF7D3B228203B8500288D9F /* AppDelegate.swift */,
				1EF7D3B428203B8500288D9F /* SceneDelegate.swift */,
				1EF7D3B628203B8500288D9F /* ViewController.swift */,
				1EF7D3B828203B8500288D9F /* Main.storyboard */,
				1EF7D3BB28203B8600288D9F /* Assets.xcassets */,
				1EF7D3BD28203B8600288D9F /* LaunchScreen.storyboard */,
				1EF7D3C028203B8600288D9F /* Info.plist */,
				1EF7D3C628203D2300288D9F /* GoTAPI.swift */,
			);
			path = GoTHousesApp;
			sourceTree = "<group>";
		};
/* End PBXGroup section */

/* Begin PBXNativeTarget section */
		1EF7D3AE28203B8500288D9F /* GoTHousesApp */ = {
			isa = PBXNativeTarget;
			buildConfigurationList = 1EF7D3C328203B8600288D9F /* Build configuration list for PBXNativeTarget "GoTHousesApp" */;
			buildPhases = (
				1EF7D3AB28203B8500288D9F /* Sources */,
				1EF7D3AC28203B8500288D9F /* Frameworks */,
				1EF7D3AD28203B8500288D9F /* Resources */,
			);
			buildRules = (
			);
			dependencies = (
			);
			name = GoTHousesApp;
			productName = GoTHousesApp;
			productReference = 1EF7D3AF28203B8500288D9F /* GoTHousesApp.app */;
			productType = "com.apple.product-type.application";
		};
/* End PBXNativeTarget section */

/* Begin PBXProject section */
		1EF7D3A728203B8500288D9F /* Project object */ = {
			isa = PBXProject;
			attributes = {
				BuildIndependentTargetsInParallel = 1;
				LastSwiftUpdateCheck = 1330;
				LastUpgradeCheck = 1330;
				TargetAttributes = {
					1EF7D3AE28203B8500288D9F = {
						CreatedOnToolsVersion = 13.3;
					};
				};
			};
			buildConfigurationList = 1EF7D3AA28203B8500288D9F /* Build configuration list for PBXProject "GoTHousesApp" */;
			compatibilityVersion = "Xcode 13.0";
			developmentRegion = en;
			hasScannedForEncodings = 0;
			knownRegions = (
				en,
				Base,
			);
			mainGroup = 1EF7D3A628203B8500288D9F;
			productRefGroup = 1EF7D3B028203B8500288D9F /* Products */;
			projectDirPath = "";
			projectRoot = "";
			targets = (
				1EF7D3AE28203B8500288D9F /* GoTHousesApp */,
			);
		};
/* End PBXProject section */

/* Begin PBXResourcesBuildPhase section */
		1EF7D3AD28203B8500288D9F /* Resources */ = {
			isa = PBXResourcesBuildPhase;
			buildActionMask = 2147483647;
			files = (
				1EF7D3BF28203B8600288D9F /* LaunchScreen.storyboard in Resources */,
				1EF7D3BC28203B8600288D9F /* Assets.xcassets in Resources */,
				1EF7D3BA28203B8500288D9F /* Main.storyboard in Resources */,
			);
			runOnlyForDeploymentPostprocessing = 0;
		};
/* End PBXResourcesBuildPhase section */

/* Begin PBXSourcesBuildPhase section */
		1EF7D3AB28203B8500288D9F /* Sources */ = {
			isa = PBXSourcesBuildPhase;
			buildActionMask = 2147483647;
			files = (
				1EF7D3B728203B8500288D9F /* ViewController.swift in Sources */,
				1EF7D3B328203B8500288D9F /* AppDelegate.swift in Sources */,
				1EF7D3B528203B8500288D9F /* SceneDelegate.swift in Sources */,
				1E14809C2821291500F40D62 /* GoTTableViewController.swift in Sources */,
				1E14809E2822747000F40D62 /* CharacterListViewController.swift in Sources */,
				1EF7D3C92820400300288D9F /* House.swift in Sources */,
				1EF7D3C728203D2300288D9F /* GoTAPI.swift in Sources */,
				1E14809A282128D100F40D62 /* DetailsViewController.swift in Sources */,
			);
			runOnlyForDeploymentPostprocessing = 0;
		};
/* End PBXSourcesBuildPhase section */

/* Begin PBXVariantGroup section */
		1EF7D3B828203B8500288D9F /* Main.storyboard */ = {
			isa = PBXVariantGroup;
			children = (
				1EF7D3B928203B8500288D9F /* Base */,
			);
			name = Main.storyboard;
			sourceTree = "<group>";
		};
		1EF7D3BD28203B8600288D9F /* LaunchScreen.storyboard */ = {
			isa = PBXVariantGroup;
			children = (
				1EF7D3BE28203B8600288D9F /* Base */,
			);
			name = LaunchScreen.storyboard;
			sourceTree = "<group>";
		};
/* End PBXVariantGroup section */

/* Begin XCBuildConfiguration section */
		1EF7D3C128203B8600288D9F /* Debug */ = {
			isa = XCBuildConfiguration;
			buildSettings = {
				ALWAYS_SEARCH_USER_PATHS = NO;
				CLANG_ANALYZER_NONNULL = YES;
				CLANG_ANALYZER_NUMBER_OBJECT_CONVERSION = YES_AGGRESSIVE;
				CLANG_CXX_LANGUAGE_STANDARD = "gnu++17";
				CLANG_ENABLE_MODULES = YES;
				CLANG_ENABLE_OBJC_ARC = YES;
				CLANG_ENABLE_OBJC_WEAK = YES;
				CLANG_WARN_BLOCK_CAPTURE_AUTORELEASING = YES;
				CLANG_WARN_BOOL_CONVERSION = YES;
				CLANG_WARN_COMMA = YES;
				CLANG_WARN_CONSTANT_CONVERSION = YES;
				CLANG_WARN_DEPRECATED_OBJC_IMPLEMENTATIONS = YES;
				CLANG_WARN_DIRECT_OBJC_ISA_USAGE = YES_ERROR;
				CLANG_WARN_DOCUMENTATION_COMMENTS = YES;
				CLANG_WARN_EMPTY_BODY = YES;
				CLANG_WARN_ENUM_CONVERSION = YES;
				CLANG_WARN_INFINITE_RECURSION = YES;
				CLANG_WARN_INT_CONVERSION = YES;
				CLANG_WARN_NON_LITERAL_NULL_CONVERSION = YES;
				CLANG_WARN_OBJC_IMPLICIT_RETAIN_SELF = YES;
				CLANG_WARN_OBJC_LITERAL_CONVERSION = YES;
				CLANG_WARN_OBJC_ROOT_CLASS = YES_ERROR;
				CLANG_WARN_QUOTED_INCLUDE_IN_FRAMEWORK_HEADER = YES;
				CLANG_WARN_RANGE_LOOP_ANALYSIS = YES;
				CLANG_WARN_STRICT_PROTOTYPES = YES;
				CLANG_WARN_SUSPICIOUS_MOVE = YES;
				CLANG_WARN_UNGUARDED_AVAILABILITY = YES_AGGRESSIVE;
				CLANG_WARN_UNREACHABLE_CODE = YES;
				CLANG_WARN__DUPLICATE_METHOD_MATCH = YES;
				COPY_PHASE_STRIP = NO;
				DEBUG_INFORMATION_FORMAT = dwarf;
				ENABLE_STRICT_OBJC_MSGSEND = YES;
				ENABLE_TESTABILITY = YES;
				GCC_C_LANGUAGE_STANDARD = gnu11;
				GCC_DYNAMIC_NO_PIC = NO;
				GCC_NO_COMMON_BLOCKS = YES;
				GCC_OPTIMIZATION_LEVEL = 0;
				GCC_PREPROCESSOR_DEFINITIONS = (
					"DEBUG=1",
					"$(inherited)",
				);
				GCC_WARN_64_TO_32_BIT_CONVERSION = YES;
				GCC_WARN_ABOUT_RETURN_TYPE = YES_ERROR;
				GCC_WARN_UNDECLARED_SELECTOR = YES;
				GCC_WARN_UNINITIALIZED_AUTOS = YES_AGGRESSIVE;
				GCC_WARN_UNUSED_FUNCTION = YES;
				GCC_WARN_UNUSED_VARIABLE = YES;
				IPHONEOS_DEPLOYMENT_TARGET = 14.0;
				MTL_ENABLE_DEBUG_INFO = INCLUDE_SOURCE;
				MTL_FAST_MATH = YES;
				ONLY_ACTIVE_ARCH = YES;
				SDKROOT = iphoneos;
				SWIFT_ACTIVE_COMPILATION_CONDITIONS = DEBUG;
				SWIFT_OPTIMIZATION_LEVEL = "-Onone";
			};
			name = Debug;
		};
		1EF7D3C228203B8600288D9F /* Release */ = {
			isa = XCBuildConfiguration;
			buildSettings = {
				ALWAYS_SEARCH_USER_PATHS = NO;
				CLANG_ANALYZER_NONNULL = YES;
				CLANG_ANALYZER_NUMBER_OBJECT_CONVERSION = YES_AGGRESSIVE;
				CLANG_CXX_LANGUAGE_STANDARD = "gnu++17";
				CLANG_ENABLE_MODULES = YES;
				CLANG_ENABLE_OBJC_ARC = YES;
				CLANG_ENABLE_OBJC_WEAK = YES;
				CLANG_WARN_BLOCK_CAPTURE_AUTORELEASING = YES;
				CLANG_WARN_BOOL_CONVERSION = YES;
				CLANG_WARN_COMMA = YES;
				CLANG_WARN_CONSTANT_CONVERSION = YES;
				CLANG_WARN_DEPRECATED_OBJC_IMPLEMENTATIONS = YES;
				CLANG_WARN_DIRECT_OBJC_ISA_USAGE = YES_ERROR;
				CLANG_WARN_DOCUMENTATION_COMMENTS = YES;
				CLANG_WARN_EMPTY_BODY = YES;
				CLANG_WARN_ENUM_CONVERSION = YES;
				CLANG_WARN_INFINITE_RECURSION = YES;
				CLANG_WARN_INT_CONVERSION = YES;
				CLANG_WARN_NON_LITERAL_NULL_CONVERSION = YES;
				CLANG_WARN_OBJC_IMPLICIT_RETAIN_SELF = YES;
				CLANG_WARN_OBJC_LITERAL_CONVERSION = YES;
				CLANG_WARN_OBJC_ROOT_CLASS = YES_ERROR;
				CLANG_WARN_QUOTED_INCLUDE_IN_FRAMEWORK_HEADER = YES;
				CLANG_WARN_RANGE_LOOP_ANALYSIS = YES;
				CLANG_WARN_STRICT_PROTOTYPES = YES;
				CLANG_WARN_SUSPICIOUS_MOVE = YES;
				CLANG_WARN_UNGUARDED_AVAILABILITY = YES_AGGRESSIVE;
				CLANG_WARN_UNREACHABLE_CODE = YES;
				CLANG_WARN__DUPLICATE_METHOD_MATCH = YES;
				COPY_PHASE_STRIP = NO;
				DEBUG_INFORMATION_FORMAT = "dwarf-with-dsym";
				ENABLE_NS_ASSERTIONS = NO;
				ENABLE_STRICT_OBJC_MSGSEND = YES;
				GCC_C_LANGUAGE_STANDARD = gnu11;
				GCC_NO_COMMON_BLOCKS = YES;
				GCC_WARN_64_TO_32_BIT_CONVERSION = YES;
				GCC_WARN_ABOUT_RETURN_TYPE = YES_ERROR;
				GCC_WARN_UNDECLARED_SELECTOR = YES;
				GCC_WARN_UNINITIALIZED_AUTOS = YES_AGGRESSIVE;
				GCC_WARN_UNUSED_FUNCTION = YES;
				GCC_WARN_UNUSED_VARIABLE = YES;
				IPHONEOS_DEPLOYMENT_TARGET = 14.0;
				MTL_ENABLE_DEBUG_INFO = NO;
				MTL_FAST_MATH = YES;
				SDKROOT = iphoneos;
				SWIFT_COMPILATION_MODE = wholemodule;
				SWIFT_OPTIMIZATION_LEVEL = "-O";
				VALIDATE_PRODUCT = YES;
			};
			name = Release;
		};
		1EF7D3C428203B8600288D9F /* Debug */ = {
			isa = XCBuildConfiguration;
			buildSettings = {
				ASSETCATALOG_COMPILER_APPICON_NAME = AppIcon;
				ASSETCATALOG_COMPILER_GLOBAL_ACCENT_COLOR_NAME = AccentColor;
				CODE_SIGN_STYLE = Automatic;
				CURRENT_PROJECT_VERSION = 1;
				DEVELOPMENT_TEAM = VY72D2N5VD;
				GENERATE_INFOPLIST_FILE = YES;
				INFOPLIST_FILE = GoTHousesApp/Info.plist;
				INFOPLIST_KEY_UIApplicationSupportsIndirectInputEvents = YES;
				INFOPLIST_KEY_UILaunchStoryboardName = LaunchScreen;
				INFOPLIST_KEY_UIMainStoryboardFile = Main;
				INFOPLIST_KEY_UISupportedInterfaceOrientations_iPad = "UIInterfaceOrientationPortrait UIInterfaceOrientationPortraitUpsideDown UIInterfaceOrientationLandscapeLeft UIInterfaceOrientationLandscapeRight";
				INFOPLIST_KEY_UISupportedInterfaceOrientations_iPhone = "UIInterfaceOrientationPortrait UIInterfaceOrientationLandscapeLeft UIInterfaceOrientationLandscapeRight";
				IPHONEOS_DEPLOYMENT_TARGET = 14.0;
				LD_RUNPATH_SEARCH_PATHS = (
					"$(inherited)",
					"@executable_path/Frameworks",
				);
				MARKETING_VERSION = 1.0;
				PRODUCT_BUNDLE_IDENTIFIER = com.felix.desiderato.GoTHousesApp;
				PRODUCT_NAME = "$(TARGET_NAME)";
				SWIFT_EMIT_LOC_STRINGS = YES;
				SWIFT_VERSION = 5.0;
				TARGETED_DEVICE_FAMILY = "1,2";
			};
			name = Debug;
		};
		1EF7D3C528203B8600288D9F /* Release */ = {
			isa = XCBuildConfiguration;
			buildSettings = {
				ASSETCATALOG_COMPILER_APPICON_NAME = AppIcon;
				ASSETCATALOG_COMPILER_GLOBAL_ACCENT_COLOR_NAME = AccentColor;
				CODE_SIGN_STYLE = Automatic;
				CURRENT_PROJECT_VERSION = 1;
				DEVELOPMENT_TEAM = VY72D2N5VD;
				GENERATE_INFOPLIST_FILE = YES;
				INFOPLIST_FILE = GoTHousesApp/Info.plist;
				INFOPLIST_KEY_UIApplicationSupportsIndirectInputEvents = YES;
				INFOPLIST_KEY_UILaunchStoryboardName = LaunchScreen;
				INFOPLIST_KEY_UIMainStoryboardFile = Main;
				INFOPLIST_KEY_UISupportedInterfaceOrientations_iPad = "UIInterfaceOrientationPortrait UIInterfaceOrientationPortraitUpsideDown UIInterfaceOrientationLandscapeLeft UIInterfaceOrientationLandscapeRight";
				INFOPLIST_KEY_UISupportedInterfaceOrientations_iPhone = "UIInterfaceOrientationPortrait UIInterfaceOrientationLandscapeLeft UIInterfaceOrientationLandscapeRight";
				IPHONEOS_DEPLOYMENT_TARGET = 14.0;
				LD_RUNPATH_SEARCH_PATHS = (
					"$(inherited)",
					"@executable_path/Frameworks",
				);
				MARKETING_VERSION = 1.0;
				PRODUCT_BUNDLE_IDENTIFIER = com.felix.desiderato.GoTHousesApp;
				PRODUCT_NAME = "$(TARGET_NAME)";
				SWIFT_EMIT_LOC_STRINGS = YES;
				SWIFT_VERSION = 5.0;
				TARGETED_DEVICE_FAMILY = "1,2";
			};
			name = Release;
		};
/* End XCBuildConfiguration section */

/* Begin XCConfigurationList section */
		1EF7D3AA28203B8500288D9F /* Build configuration list for PBXProject "GoTHousesApp" */ = {
			isa = XCConfigurationList;
			buildConfigurations = (
				1EF7D3C128203B8600288D9F /* Debug */,
				1EF7D3C228203B8600288D9F /* Release */,
			);
			defaultConfigurationIsVisible = 0;
			defaultConfigurationName = Release;
		};
		1EF7D3C328203B8600288D9F /* Build configuration list for PBXNativeTarget "GoTHousesApp" */ = {
			isa = XCConfigurationList;
			buildConfigurations = (
				1EF7D3C428203B8600288D9F /* Debug */,
				1EF7D3C528203B8600288D9F /* Release */,
			);
			defaultConfigurationIsVisible = 0;
			defaultConfigurationName = Release;
		};
/* End XCConfigurationList section */
	};
	rootObject = 1EF7D3A728203B8500288D9F /* Project object */;
}
